
Microsoft Visual Studio Solution File, Format Version 12.00
# Visual Studio Version 16
VisualStudioVersion = 16.0.30204.135
MinimumVisualStudioVersion = 10.0.40219.1
Project("{FAE04EC0-301F-11D3-BF4B-00C04F79EFBC}") = "TestDrag", "TestDrag\TestDrag.csproj", "{4AF72491-C0A6-471B-B327-1CE4C3B637CB}"
EndProject
Project("{2150E333-8FDC-42A3-9474-1A3956D46DE8}") = "Solution Items", "Solution Items", "{E5150C5E-C73E-42AE-BA7B-2A8CD4A8E15A}"
	ProjectSection(SolutionItems) = preProject
		readme.md = readme.md
	EndProjectSection
EndProject
Project("{FAE04EC0-301F-11D3-BF4B-00C04F79EFBC}") = "TestDraw", "TestDraw\TestDraw.csproj", "{5012F019-37B9-430E-876A-22BA006E5733}"
EndProject
Global
	GlobalSection(SolutionConfigurationPlatforms) = preSolution
		Debug|Any CPU = Debug|Any CPU
		Release|Any CPU = Release|Any CPU
	EndGlobalSection
	GlobalSection(ProjectConfigurationPlatforms) = postSolution
		{4AF72491-C0A6-471B-B327-1CE4C3B637CB}.Debug|Any CPU.ActiveCfg = Debug|Any CPU
		{4AF72491-C0A6-471B-B327-1CE4C3B637CB}.Debug|Any CPU.Build.0 = Debug|Any CPU
		{4AF72491-C0A6-471B-B327-1CE4C3B637CB}.Release|Any CPU.ActiveCfg = Release|Any CPU
		{4AF72491-C0A6-471B-B327-1CE4C3B637CB}.Release|Any CPU.Build.0 = Release|Any CPU
		{5012F019-37B9-430E-876A-22BA006E5733}.Debug|Any CPU.ActiveCfg = Debug|Any CPU
		{5012F019-37B9-430E-876A-22BA006E5733}.Debug|Any CPU.Build.0 = Debug|Any CPU
		{5012F019-37B9-430E-876A-22BA006E5733}.Release|Any CPU.ActiveCfg = Release|Any CPU
		{5012F019-37B9-430E-876A-22BA006E5733}.Release|Any CPU.Build.0 = Release|Any CPU
	EndGlobalSection
	GlobalSection(SolutionProperties) = preSolution
		HideSolutionNode = FALSE
	EndGlobalSection
	GlobalSection(ExtensibilityGlobals) = postSolution
		SolutionGuid = {EFD076DF-B068-46EB-ACAC-93A52C539849}
	EndGlobalSection
EndGlobal
